
Microsoft Visual Studio Solution File, Format Version 12.00
# Visual Studio 14
VisualStudioVersion = 14.0.24720.0
MinimumVisualStudioVersion = 10.0.40219.1
Project("{FAE04EC0-301F-11D3-BF4B-00C04F79EFBC}") = "Jaclyn_Noga_Portfolio", "Jaclyn_Noga_Portfolio\Jaclyn_Noga_Portfolio.csproj", "{B88C11A0-0419-4C70-AAEC-54C8E17A14EF}"
EndProject
Global
	GlobalSection(SolutionConfigurationPlatforms) = preSolution
		Debug|Any CPU = Debug|Any CPU
		Release|Any CPU = Release|Any CPU
	EndGlobalSection
	GlobalSection(ProjectConfigurationPlatforms) = postSolution
		{B88C11A0-0419-4C70-AAEC-54C8E17A14EF}.Debug|Any CPU.ActiveCfg = Debug|Any CPU
		{B88C11A0-0419-4C70-AAEC-54C8E17A14EF}.Debug|Any CPU.Build.0 = Debug|Any CPU
		{B88C11A0-0419-4C70-AAEC-54C8E17A14EF}.Release|Any CPU.ActiveCfg = Release|Any CPU
		{B88C11A0-0419-4C70-AAEC-54C8E17A14EF}.Release|Any CPU.Build.0 = Release|Any CPU
	EndGlobalSection
	GlobalSection(SolutionProperties) = preSolution
		HideSolutionNode = FALSE
	EndGlobalSection
EndGlobal
